
Microsoft Visual Studio Solution File, Format Version 12.00
# Visual Studio Version 17
VisualStudioVersion = 17.5.002.0
MinimumVisualStudioVersion = 10.0.40219.1
Project("{9A19103F-16F7-4668-BE54-9A1E7A4F7556}") = "Learning02", "Learning02.csproj", "{D2FCF352-8C5E-426F-ADF4-B4DFB001B389}"
EndProject
Global
	GlobalSection(SolutionConfigurationPlatforms) = preSolution
		Debug|Any CPU = Debug|Any CPU
		Release|Any CPU = Release|Any CPU
	EndGlobalSection
	GlobalSection(ProjectConfigurationPlatforms) = postSolution
		{D2FCF352-8C5E-426F-ADF4-B4DFB001B389}.Debug|Any CPU.ActiveCfg = Debug|Any CPU
		{D2FCF352-8C5E-426F-ADF4-B4DFB001B389}.Debug|Any CPU.Build.0 = Debug|Any CPU
		{D2FCF352-8C5E-426F-ADF4-B4DFB001B389}.Release|Any CPU.ActiveCfg = Release|Any CPU
		{D2FCF352-8C5E-426F-ADF4-B4DFB001B389}.Release|Any CPU.Build.0 = Release|Any CPU
	EndGlobalSection
	GlobalSection(SolutionProperties) = preSolution
		HideSolutionNode = FALSE
	EndGlobalSection
	GlobalSection(ExtensibilityGlobals) = postSolution
		SolutionGuid = {86976692-E91E-4C51-BED0-04C2C7A58F0D}
	EndGlobalSection
EndGlobal
